// !$*UTF8*$!
{
	archiveVersion = 1;
	classes = {
	};
	objectVersion = 50;
	objects = {

/* Begin PBXBuildFile section */
		46FE93DA2181567A00810D9A /* main.cpp in Sources */ = {isa = PBXBuildFile; fileRef = 46FE93D92181567A00810D9A /* main.cpp */; };
		46FE93E22182554A00810D9A /* Shape.cpp in Sources */ = {isa = PBXBuildFile; fileRef = 46FE93E02182554A00810D9A /* Shape.cpp */; };
		46FE93E5218270D400810D9A /* CartesianVector.cpp in Sources */ = {isa = PBXBuildFile; fileRef = 46FE93E3218270D400810D9A /* CartesianVector.cpp */; };
		46FE93E8218352E000810D9A /* VectorCosine.cpp in Sources */ = {isa = PBXBuildFile; fileRef = 46FE93E6218352E000810D9A /* VectorCosine.cpp */; };
		46FE93EB218368F800810D9A /* FindSignAndMagnitude.cpp in Sources */ = {isa = PBXBuildFile; fileRef = 46FE93E9218368F800810D9A /* FindSignAndMagnitude.cpp */; };
/* End PBXBuildFile section */

/* Begin PBXCopyFilesBuildPhase section */
		46FE93D42181567A00810D9A /* CopyFiles */ = {
			isa = PBXCopyFilesBuildPhase;
			buildActionMask = 2147483647;
			dstPath = /usr/share/man/man1/;
			dstSubfolderSpec = 0;
			files = (
			);
			runOnlyForDeploymentPostprocessing = 1;
		};
/* End PBXCopyFilesBuildPhase section */

/* Begin PBXFileReference section */
		46FE93D62181567A00810D9A /* CppPractice */ = {isa = PBXFileReference; explicitFileType = "compiled.mach-o.executable"; includeInIndex = 0; path = CppPractice; sourceTree = BUILT_PRODUCTS_DIR; };
		46FE93D92181567A00810D9A /* main.cpp */ = {isa = PBXFileReference; lastKnownFileType = sourcecode.cpp.cpp; path = main.cpp; sourceTree = "<group>"; };
		46FE93E02182554A00810D9A /* Shape.cpp */ = {isa = PBXFileReference; lastKnownFileType = sourcecode.cpp.cpp; path = Shape.cpp; sourceTree = "<group>"; };
		46FE93E12182554A00810D9A /* Shape.hpp */ = {isa = PBXFileReference; lastKnownFileType = sourcecode.cpp.h; path = Shape.hpp; sourceTree = "<group>"; };
		46FE93E3218270D400810D9A /* CartesianVector.cpp */ = {isa = PBXFileReference; lastKnownFileType = sourcecode.cpp.cpp; path = CartesianVector.cpp; sourceTree = "<group>"; };
		46FE93E4218270D400810D9A /* CartesianVector.hpp */ = {isa = PBXFileReference; lastKnownFileType = sourcecode.cpp.h; path = CartesianVector.hpp; sourceTree = "<group>"; };
		46FE93E6218352E000810D9A /* VectorCosine.cpp */ = {isa = PBXFileReference; lastKnownFileType = sourcecode.cpp.cpp; path = VectorCosine.cpp; sourceTree = "<group>"; };
		46FE93E7218352E000810D9A /* VectorCosine.hpp */ = {isa = PBXFileReference; lastKnownFileType = sourcecode.cpp.h; path = VectorCosine.hpp; sourceTree = "<group>"; };
		46FE93E9218368F800810D9A /* FindSignAndMagnitude.cpp */ = {isa = PBXFileReference; lastKnownFileType = sourcecode.cpp.cpp; path = FindSignAndMagnitude.cpp; sourceTree = "<group>"; };
		46FE93EA218368F800810D9A /* FindSignAndMagnitude.hpp */ = {isa = PBXFileReference; lastKnownFileType = sourcecode.cpp.h; path = FindSignAndMagnitude.hpp; sourceTree = "<group>"; };
/* End PBXFileReference section */

/* Begin PBXFrameworksBuildPhase section */
		46FE93D32181567A00810D9A /* Frameworks */ = {
			isa = PBXFrameworksBuildPhase;
			buildActionMask = 2147483647;
			files = (
			);
			runOnlyForDeploymentPostprocessing = 0;
		};
/* End PBXFrameworksBuildPhase section */

/* Begin PBXGroup section */
		46FE93CD2181567A00810D9A = {
			isa = PBXGroup;
			children = (
				46FE93D82181567A00810D9A /* CppPractice */,
				46FE93D72181567A00810D9A /* Products */,
			);
			sourceTree = "<group>";
		};
		46FE93D72181567A00810D9A /* Products */ = {
			isa = PBXGroup;
			children = (
				46FE93D62181567A00810D9A /* CppPractice */,
			);
			name = Products;
			sourceTree = "<group>";
		};
		46FE93D82181567A00810D9A /* CppPractice */ = {
			isa = PBXGroup;
			children = (
				46FE93D92181567A00810D9A /* main.cpp */,
				46FE93E9218368F800810D9A /* FindSignAndMagnitude.cpp */,
				46FE93EA218368F800810D9A /* FindSignAndMagnitude.hpp */,
				46FE93E6218352E000810D9A /* VectorCosine.cpp */,
				46FE93E7218352E000810D9A /* VectorCosine.hpp */,
				46FE93E3218270D400810D9A /* CartesianVector.cpp */,
				46FE93E4218270D400810D9A /* CartesianVector.hpp */,
				46FE93E02182554A00810D9A /* Shape.cpp */,
				46FE93E12182554A00810D9A /* Shape.hpp */,
			);
			path = CppPractice;
			sourceTree = "<group>";
		};
/* End PBXGroup section */

/* Begin PBXNativeTarget section */
		46FE93D52181567A00810D9A /* CppPractice */ = {
			isa = PBXNativeTarget;
			buildConfigurationList = 46FE93DD2181567A00810D9A /* Build configuration list for PBXNativeTarget "CppPractice" */;
			buildPhases = (
				46FE93D22181567A00810D9A /* Sources */,
				46FE93D32181567A00810D9A /* Frameworks */,
				46FE93D42181567A00810D9A /* CopyFiles */,
			);
			buildRules = (
			);
			dependencies = (
			);
			name = CppPractice;
			productName = CppPractice;
			productReference = 46FE93D62181567A00810D9A /* CppPractice */;
			productType = "com.apple.product-type.tool";
		};
/* End PBXNativeTarget section */

/* Begin PBXProject section */
		46FE93CE2181567A00810D9A /* Project object */ = {
			isa = PBXProject;
			attributes = {
				LastUpgradeCheck = 1000;
				ORGANIZATIONNAME = "Justin Owen";
				TargetAttributes = {
					46FE93D52181567A00810D9A = {
						CreatedOnToolsVersion = 10.0;
					};
				};
			};
			buildConfigurationList = 46FE93D12181567A00810D9A /* Build configuration list for PBXProject "CppPractice" */;
			compatibilityVersion = "Xcode 9.3";
			developmentRegion = en;
			hasScannedForEncodings = 0;
			knownRegions = (
				en,
			);
			mainGroup = 46FE93CD2181567A00810D9A;
			productRefGroup = 46FE93D72181567A00810D9A /* Products */;
			projectDirPath = "";
			projectRoot = "";
			targets = (
				46FE93D52181567A00810D9A /* CppPractice */,
			);
		};
/* End PBXProject section */

/* Begin PBXSourcesBuildPhase section */
		46FE93D22181567A00810D9A /* Sources */ = {
			isa = PBXSourcesBuildPhase;
			buildActionMask = 2147483647;
			files = (
				46FE93DA2181567A00810D9A /* main.cpp in Sources */,
				46FE93E8218352E000810D9A /* VectorCosine.cpp in Sources */,
				46FE93E5218270D400810D9A /* CartesianVector.cpp in Sources */,
				46FE93E22182554A00810D9A /* Shape.cpp in Sources */,
				46FE93EB218368F800810D9A /* FindSignAndMagnitude.cpp in Sources */,
			);
			runOnlyForDeploymentPostprocessing = 0;
		};
/* End PBXSourcesBuildPhase section */

/* Begin XCBuildConfiguration section */
		46FE93DB2181567A00810D9A /* Debug */ = {
			isa = XCBuildConfiguration;
			buildSettings = {
				ALWAYS_SEARCH_USER_PATHS = NO;
				CLANG_ANALYZER_NONNULL = YES;
				CLANG_ANALYZER_NUMBER_OBJECT_CONVERSION = YES_AGGRESSIVE;
				CLANG_CXX_LANGUAGE_STANDARD = "gnu++14";
				CLANG_CXX_LIBRARY = "libc++";
				CLANG_ENABLE_MODULES = YES;
				CLANG_ENABLE_OBJC_ARC = YES;
				CLANG_ENABLE_OBJC_WEAK = YES;
				CLANG_WARN_BLOCK_CAPTURE_AUTORELEASING = YES;
				CLANG_WARN_BOOL_CONVERSION = YES;
				CLANG_WARN_COMMA = YES;
				CLANG_WARN_CONSTANT_CONVERSION = YES;
				CLANG_WARN_DEPRECATED_OBJC_IMPLEMENTATIONS = YES;
				CLANG_WARN_DIRECT_OBJC_ISA_USAGE = YES_ERROR;
				CLANG_WARN_DOCUMENTATION_COMMENTS = YES;
				CLANG_WARN_EMPTY_BODY = YES;
				CLANG_WARN_ENUM_CONVERSION = YES;
				CLANG_WARN_INFINITE_RECURSION = YES;
				CLANG_WARN_INT_CONVERSION = YES;
				CLANG_WARN_NON_LITERAL_NULL_CONVERSION = YES;
				CLANG_WARN_OBJC_IMPLICIT_RETAIN_SELF = YES;
				CLANG_WARN_OBJC_LITERAL_CONVERSION = YES;
				CLANG_WARN_OBJC_ROOT_CLASS = YES_ERROR;
				CLANG_WARN_RANGE_LOOP_ANALYSIS = YES;
				CLANG_WARN_STRICT_PROTOTYPES = YES;
				CLANG_WARN_SUSPICIOUS_MOVE = YES;
				CLANG_WARN_UNGUARDED_AVAILABILITY = YES_AGGRESSIVE;
				CLANG_WARN_UNREACHABLE_CODE = YES;
				CLANG_WARN__DUPLICATE_METHOD_MATCH = YES;
				CODE_SIGN_IDENTITY = "-";
				COPY_PHASE_STRIP = NO;
				DEBUG_INFORMATION_FORMAT = dwarf;
				ENABLE_STRICT_OBJC_MSGSEND = YES;
				ENABLE_TESTABILITY = YES;
				GCC_C_LANGUAGE_STANDARD = gnu11;
				GCC_DYNAMIC_NO_PIC = NO;
				GCC_NO_COMMON_BLOCKS = YES;
				GCC_OPTIMIZATION_LEVEL = 0;
				GCC_PREPROCESSOR_DEFINITIONS = (
					"DEBUG=1",
					"$(inherited)",
				);
				GCC_WARN_64_TO_32_BIT_CONVERSION = YES;
				GCC_WARN_ABOUT_RETURN_TYPE = YES_ERROR;
				GCC_WARN_UNDECLARED_SELECTOR = YES;
				GCC_WARN_UNINITIALIZED_AUTOS = YES_AGGRESSIVE;
				GCC_WARN_UNUSED_FUNCTION = YES;
				GCC_WARN_UNUSED_VARIABLE = YES;
				MACOSX_DEPLOYMENT_TARGET = 10.13;
				MTL_ENABLE_DEBUG_INFO = INCLUDE_SOURCE;
				MTL_FAST_MATH = YES;
				ONLY_ACTIVE_ARCH = YES;
				SDKROOT = macosx;
			};
			name = Debug;
		};
		46FE93DC2181567A00810D9A /* Release */ = {
			isa = XCBuildConfiguration;
			buildSettings = {
				ALWAYS_SEARCH_USER_PATHS = NO;
				CLANG_ANALYZER_NONNULL = YES;
				CLANG_ANALYZER_NUMBER_OBJECT_CONVERSION = YES_AGGRESSIVE;
				CLANG_CXX_LANGUAGE_STANDARD = "gnu++14";
				CLANG_CXX_LIBRARY = "libc++";
				CLANG_ENABLE_MODULES = YES;
				CLANG_ENABLE_OBJC_ARC = YES;
				CLANG_ENABLE_OBJC_WEAK = YES;
				CLANG_WARN_BLOCK_CAPTURE_AUTORELEASING = YES;
				CLANG_WARN_BOOL_CONVERSION = YES;
				CLANG_WARN_COMMA = YES;
				CLANG_WARN_CONSTANT_CONVERSION = YES;
				CLANG_WARN_DEPRECATED_OBJC_IMPLEMENTATIONS = YES;
				CLANG_WARN_DIRECT_OBJC_ISA_USAGE = YES_ERROR;
				CLANG_WARN_DOCUMENTATION_COMMENTS = YES;
				CLANG_WARN_EMPTY_BODY = YES;
				CLANG_WARN_ENUM_CONVERSION = YES;
				CLANG_WARN_INFINITE_RECURSION = YES;
				CLANG_WARN_INT_CONVERSION = YES;
				CLANG_WARN_NON_LITERAL_NULL_CONVERSION = YES;
				CLANG_WARN_OBJC_IMPLICIT_RETAIN_SELF = YES;
				CLANG_WARN_OBJC_LITERAL_CONVERSION = YES;
				CLANG_WARN_OBJC_ROOT_CLASS = YES_ERROR;
				CLANG_WARN_RANGE_LOOP_ANALYSIS = YES;
				CLANG_WARN_STRICT_PROTOTYPES = YES;
				CLANG_WARN_SUSPICIOUS_MOVE = YES;
				CLANG_WARN_UNGUARDED_AVAILABILITY = YES_AGGRESSIVE;
				CLANG_WARN_UNREACHABLE_CODE = YES;
				CLANG_WARN__DUPLICATE_METHOD_MATCH = YES;
				CODE_SIGN_IDENTITY = "-";
				COPY_PHASE_STRIP = NO;
				DEBUG_INFORMATION_FORMAT = "dwarf-with-dsym";
				ENABLE_NS_ASSERTIONS = NO;
				ENABLE_STRICT_OBJC_MSGSEND = YES;
				GCC_C_LANGUAGE_STANDARD = gnu11;
				GCC_NO_COMMON_BLOCKS = YES;
				GCC_WARN_64_TO_32_BIT_CONVERSION = YES;
				GCC_WARN_ABOUT_RETURN_TYPE = YES_ERROR;
				GCC_WARN_UNDECLARED_SELECTOR = YES;
				GCC_WARN_UNINITIALIZED_AUTOS = YES_AGGRESSIVE;
				GCC_WARN_UNUSED_FUNCTION = YES;
				GCC_WARN_UNUSED_VARIABLE = YES;
				MACOSX_DEPLOYMENT_TARGET = 10.13;
				MTL_ENABLE_DEBUG_INFO = NO;
				MTL_FAST_MATH = YES;
				SDKROOT = macosx;
			};
			name = Release;
		};
		46FE93DE2181567A00810D9A /* Debug */ = {
			isa = XCBuildConfiguration;
			buildSettings = {
				CODE_SIGN_STYLE = Automatic;
				PRODUCT_NAME = "$(TARGET_NAME)";
			};
			name = Debug;
		};
		46FE93DF2181567A00810D9A /* Release */ = {
			isa = XCBuildConfiguration;
			buildSettings = {
				CODE_SIGN_STYLE = Automatic;
				PRODUCT_NAME = "$(TARGET_NAME)";
			};
			name = Release;
		};
/* End XCBuildConfiguration section */

/* Begin XCConfigurationList section */
		46FE93D12181567A00810D9A /* Build configuration list for PBXProject "CppPractice" */ = {
			isa = XCConfigurationList;
			buildConfigurations = (
				46FE93DB2181567A00810D9A /* Debug */,
				46FE93DC2181567A00810D9A /* Release */,
			);
			defaultConfigurationIsVisible = 0;
			defaultConfigurationName = Release;
		};
		46FE93DD2181567A00810D9A /* Build configuration list for PBXNativeTarget "CppPractice" */ = {
			isa = XCConfigurationList;
			buildConfigurations = (
				46FE93DE2181567A00810D9A /* Debug */,
				46FE93DF2181567A00810D9A /* Release */,
			);
			defaultConfigurationIsVisible = 0;
			defaultConfigurationName = Release;
		};
/* End XCConfigurationList section */
	};
	rootObject = 46FE93CE2181567A00810D9A /* Project object */;
}
